// !$*UTF8*$!
{
	archiveVersion = 1;
	classes = {
	};
	objectVersion = 55;
	objects = {

/* Begin PBXBuildFile section */
		692B5D552872A69200CFD2DC /* LandmarksApp.swift in Sources */ = {isa = PBXBuildFile; fileRef = 692B5D542872A69200CFD2DC /* LandmarksApp.swift */; };
		692B5D572872A69200CFD2DC /* ContentView.swift in Sources */ = {isa = PBXBuildFile; fileRef = 692B5D562872A69200CFD2DC /* ContentView.swift */; };
		692B5D592872A69300CFD2DC /* Assets.xcassets in Resources */ = {isa = PBXBuildFile; fileRef = 692B5D582872A69300CFD2DC /* Assets.xcassets */; };
		692B5D5C2872A69300CFD2DC /* Preview Assets.xcassets in Resources */ = {isa = PBXBuildFile; fileRef = 692B5D5B2872A69300CFD2DC /* Preview Assets.xcassets */; };
		692B5D632872C30600CFD2DC /* CircleImage.swift in Sources */ = {isa = PBXBuildFile; fileRef = 692B5D622872C30600CFD2DC /* CircleImage.swift */; };
		692B5D652872CBDD00CFD2DC /* MapView.swift in Sources */ = {isa = PBXBuildFile; fileRef = 692B5D642872CBDD00CFD2DC /* MapView.swift */; };
		692B5D672872EB5600CFD2DC /* landmarkData.json in Resources */ = {isa = PBXBuildFile; fileRef = 692B5D662872EB5600CFD2DC /* landmarkData.json */; };
		692B5D692872EB6A00CFD2DC /* Landmark.swift in Sources */ = {isa = PBXBuildFile; fileRef = 692B5D682872EB6A00CFD2DC /* Landmark.swift */; };
		692B5D6B2872F01C00CFD2DC /* ModelData.swift in Sources */ = {isa = PBXBuildFile; fileRef = 692B5D6A2872F01C00CFD2DC /* ModelData.swift */; };
		692B5D702872F92A00CFD2DC /* LandmarkRow.swift in Sources */ = {isa = PBXBuildFile; fileRef = 692B5D6F2872F92A00CFD2DC /* LandmarkRow.swift */; };
		692B5D722873014700CFD2DC /* LandmarkList.swift in Sources */ = {isa = PBXBuildFile; fileRef = 692B5D712873014700CFD2DC /* LandmarkList.swift */; };
		692B5D7428730C3600CFD2DC /* LandmarkDetail.swift in Sources */ = {isa = PBXBuildFile; fileRef = 692B5D7328730C3600CFD2DC /* LandmarkDetail.swift */; };
		692B5D7628741DB700CFD2DC /* FavoriteButton.swift in Sources */ = {isa = PBXBuildFile; fileRef = 692B5D7528741DB700CFD2DC /* FavoriteButton.swift */; };
		69385A2F287541380030D241 /* HexagonParameters.swift in Sources */ = {isa = PBXBuildFile; fileRef = 69385A2E287541380030D241 /* HexagonParameters.swift */; };
/* End PBXBuildFile section */

/* Begin PBXFileReference section */
		692B5D512872A69200CFD2DC /* Landmarks.app */ = {isa = PBXFileReference; explicitFileType = wrapper.application; includeInIndex = 0; path = Landmarks.app; sourceTree = BUILT_PRODUCTS_DIR; };
		692B5D542872A69200CFD2DC /* LandmarksApp.swift */ = {isa = PBXFileReference; lastKnownFileType = sourcecode.swift; path = LandmarksApp.swift; sourceTree = "<group>"; };
		692B5D562872A69200CFD2DC /* ContentView.swift */ = {isa = PBXFileReference; lastKnownFileType = sourcecode.swift; path = ContentView.swift; sourceTree = "<group>"; };
		692B5D582872A69300CFD2DC /* Assets.xcassets */ = {isa = PBXFileReference; lastKnownFileType = folder.assetcatalog; path = Assets.xcassets; sourceTree = "<group>"; };
		692B5D5B2872A69300CFD2DC /* Preview Assets.xcassets */ = {isa = PBXFileReference; lastKnownFileType = folder.assetcatalog; path = "Preview Assets.xcassets"; sourceTree = "<group>"; };
		692B5D622872C30600CFD2DC /* CircleImage.swift */ = {isa = PBXFileReference; lastKnownFileType = sourcecode.swift; path = CircleImage.swift; sourceTree = "<group>"; };
		692B5D642872CBDD00CFD2DC /* MapView.swift */ = {isa = PBXFileReference; lastKnownFileType = sourcecode.swift; path = MapView.swift; sourceTree = "<group>"; };
		692B5D662872EB5600CFD2DC /* landmarkData.json */ = {isa = PBXFileReference; fileEncoding = 4; lastKnownFileType = text.json; path = landmarkData.json; sourceTree = "<group>"; };
		692B5D682872EB6A00CFD2DC /* Landmark.swift */ = {isa = PBXFileReference; lastKnownFileType = sourcecode.swift; path = Landmark.swift; sourceTree = "<group>"; };
		692B5D6A2872F01C00CFD2DC /* ModelData.swift */ = {isa = PBXFileReference; lastKnownFileType = sourcecode.swift; path = ModelData.swift; sourceTree = "<group>"; };
		692B5D6F2872F92A00CFD2DC /* LandmarkRow.swift */ = {isa = PBXFileReference; lastKnownFileType = sourcecode.swift; path = LandmarkRow.swift; sourceTree = "<group>"; };
		692B5D712873014700CFD2DC /* LandmarkList.swift */ = {isa = PBXFileReference; lastKnownFileType = sourcecode.swift; path = LandmarkList.swift; sourceTree = "<group>"; };
		692B5D7328730C3600CFD2DC /* LandmarkDetail.swift */ = {isa = PBXFileReference; lastKnownFileType = sourcecode.swift; path = LandmarkDetail.swift; sourceTree = "<group>"; };
		692B5D7528741DB700CFD2DC /* FavoriteButton.swift */ = {isa = PBXFileReference; lastKnownFileType = sourcecode.swift; path = FavoriteButton.swift; sourceTree = "<group>"; };
		69385A2E287541380030D241 /* HexagonParameters.swift */ = {isa = PBXFileReference; lastKnownFileType = sourcecode.swift; path = HexagonParameters.swift; sourceTree = "<group>"; };
/* End PBXFileReference section */

/* Begin PBXFrameworksBuildPhase section */
		692B5D4E2872A69200CFD2DC /* Frameworks */ = {
			isa = PBXFrameworksBuildPhase;
			buildActionMask = 2147483647;
			files = (
			);
			runOnlyForDeploymentPostprocessing = 0;
		};
/* End PBXFrameworksBuildPhase section */

/* Begin PBXGroup section */
		692B5D482872A69200CFD2DC = {
			isa = PBXGroup;
			children = (
				692B5D532872A69200CFD2DC /* Landmarks */,
				692B5D522872A69200CFD2DC /* Products */,
			);
			sourceTree = "<group>";
		};
		692B5D522872A69200CFD2DC /* Products */ = {
			isa = PBXGroup;
			children = (
				692B5D512872A69200CFD2DC /* Landmarks.app */,
			);
			name = Products;
			sourceTree = "<group>";
		};
		692B5D532872A69200CFD2DC /* Landmarks */ = {
			isa = PBXGroup;
			children = (
				692B5D6E2872F1C100CFD2DC /* Model */,
				692B5D6C2872F1A200CFD2DC /* Views */,
				692B5D542872A69200CFD2DC /* LandmarksApp.swift */,
				692B5D6D2872F1BB00CFD2DC /* Resources */,
				692B5D582872A69300CFD2DC /* Assets.xcassets */,
				692B5D5A2872A69300CFD2DC /* Preview Content */,
			);
			path = Landmarks;
			sourceTree = "<group>";
		};
		692B5D5A2872A69300CFD2DC /* Preview Content */ = {
			isa = PBXGroup;
			children = (
				692B5D5B2872A69300CFD2DC /* Preview Assets.xcassets */,
			);
			path = "Preview Content";
			sourceTree = "<group>";
		};
		692B5D6C2872F1A200CFD2DC /* Views */ = {
			isa = PBXGroup;
			children = (
				692B5D7A287422A300CFD2DC /* Landmarks */,
				692B5D7928741FA200CFD2DC /* Helper */,
				692B5D562872A69200CFD2DC /* ContentView.swift */,
				69385A2E287541380030D241 /* HexagonParameters.swift */,
			);
			path = Views;
			sourceTree = "<group>";
		};
		692B5D6D2872F1BB00CFD2DC /* Resources */ = {
			isa = PBXGroup;
			children = (
				692B5D662872EB5600CFD2DC /* landmarkData.json */,
			);
			path = Resources;
			sourceTree = "<group>";
		};
		692B5D6E2872F1C100CFD2DC /* Model */ = {
			isa = PBXGroup;
			children = (
				692B5D682872EB6A00CFD2DC /* Landmark.swift */,
				692B5D6A2872F01C00CFD2DC /* ModelData.swift */,
			);
			path = Model;
			sourceTree = "<group>";
		};
		692B5D7928741FA200CFD2DC /* Helper */ = {
			isa = PBXGroup;
			children = (
				692B5D642872CBDD00CFD2DC /* MapView.swift */,
				692B5D622872C30600CFD2DC /* CircleImage.swift */,
				692B5D7528741DB700CFD2DC /* FavoriteButton.swift */,
			);
			path = Helper;
			sourceTree = "<group>";
		};
		692B5D7A287422A300CFD2DC /* Landmarks */ = {
			isa = PBXGroup;
			children = (
				692B5D6F2872F92A00CFD2DC /* LandmarkRow.swift */,
				692B5D712873014700CFD2DC /* LandmarkList.swift */,
				692B5D7328730C3600CFD2DC /* LandmarkDetail.swift */,
			);
			path = Landmarks;
			sourceTree = "<group>";
		};
/* End PBXGroup section */

/* Begin PBXNativeTarget section */
		692B5D502872A69200CFD2DC /* Landmarks */ = {
			isa = PBXNativeTarget;
			buildConfigurationList = 692B5D5F2872A69300CFD2DC /* Build configuration list for PBXNativeTarget "Landmarks" */;
			buildPhases = (
				692B5D4D2872A69200CFD2DC /* Sources */,
				692B5D4E2872A69200CFD2DC /* Frameworks */,
				692B5D4F2872A69200CFD2DC /* Resources */,
			);
			buildRules = (
			);
			dependencies = (
			);
			name = Landmarks;
			productName = Landmarks;
			productReference = 692B5D512872A69200CFD2DC /* Landmarks.app */;
			productType = "com.apple.product-type.application";
		};
/* End PBXNativeTarget section */

/* Begin PBXProject section */
		692B5D492872A69200CFD2DC /* Project object */ = {
			isa = PBXProject;
			attributes = {
				BuildIndependentTargetsInParallel = 1;
				LastSwiftUpdateCheck = 1340;
				LastUpgradeCheck = 1340;
				TargetAttributes = {
					692B5D502872A69200CFD2DC = {
						CreatedOnToolsVersion = 13.4.1;
					};
				};
			};
			buildConfigurationList = 692B5D4C2872A69200CFD2DC /* Build configuration list for PBXProject "Landmarks" */;
			compatibilityVersion = "Xcode 13.0";
			developmentRegion = en;
			hasScannedForEncodings = 0;
			knownRegions = (
				en,
				Base,
			);
			mainGroup = 692B5D482872A69200CFD2DC;
			productRefGroup = 692B5D522872A69200CFD2DC /* Products */;
			projectDirPath = "";
			projectRoot = "";
			targets = (
				692B5D502872A69200CFD2DC /* Landmarks */,
			);
		};
/* End PBXProject section */

/* Begin PBXResourcesBuildPhase section */
		692B5D4F2872A69200CFD2DC /* Resources */ = {
			isa = PBXResourcesBuildPhase;
			buildActionMask = 2147483647;
			files = (
				692B5D5C2872A69300CFD2DC /* Preview Assets.xcassets in Resources */,
				692B5D592872A69300CFD2DC /* Assets.xcassets in Resources */,
				692B5D672872EB5600CFD2DC /* landmarkData.json in Resources */,
			);
			runOnlyForDeploymentPostprocessing = 0;
		};
/* End PBXResourcesBuildPhase section */

/* Begin PBXSourcesBuildPhase section */
		692B5D4D2872A69200CFD2DC /* Sources */ = {
			isa = PBXSourcesBuildPhase;
			buildActionMask = 2147483647;
			files = (
				692B5D572872A69200CFD2DC /* ContentView.swift in Sources */,
				692B5D652872CBDD00CFD2DC /* MapView.swift in Sources */,
				692B5D552872A69200CFD2DC /* LandmarksApp.swift in Sources */,
				692B5D7628741DB700CFD2DC /* FavoriteButton.swift in Sources */,
				69385A2F287541380030D241 /* HexagonParameters.swift in Sources */,
				692B5D722873014700CFD2DC /* LandmarkList.swift in Sources */,
				692B5D7428730C3600CFD2DC /* LandmarkDetail.swift in Sources */,
				692B5D632872C30600CFD2DC /* CircleImage.swift in Sources */,
				692B5D692872EB6A00CFD2DC /* Landmark.swift in Sources */,
				692B5D702872F92A00CFD2DC /* LandmarkRow.swift in Sources */,
				692B5D6B2872F01C00CFD2DC /* ModelData.swift in Sources */,
			);
			runOnlyForDeploymentPostprocessing = 0;
		};
/* End PBXSourcesBuildPhase section */

/* Begin XCBuildConfiguration section */
		692B5D5D2872A69300CFD2DC /* Debug */ = {
			isa = XCBuildConfiguration;
			buildSettings = {
				ALWAYS_SEARCH_USER_PATHS = NO;
				CLANG_ANALYZER_NONNULL = YES;
				CLANG_ANALYZER_NUMBER_OBJECT_CONVERSION = YES_AGGRESSIVE;
				CLANG_CXX_LANGUAGE_STANDARD = "gnu++17";
				CLANG_ENABLE_MODULES = YES;
				CLANG_ENABLE_OBJC_ARC = YES;
				CLANG_ENABLE_OBJC_WEAK = YES;
				CLANG_WARN_BLOCK_CAPTURE_AUTORELEASING = YES;
				CLANG_WARN_BOOL_CONVERSION = YES;
				CLANG_WARN_COMMA = YES;
				CLANG_WARN_CONSTANT_CONVERSION = YES;
				CLANG_WARN_DEPRECATED_OBJC_IMPLEMENTATIONS = YES;
				CLANG_WARN_DIRECT_OBJC_ISA_USAGE = YES_ERROR;
				CLANG_WARN_DOCUMENTATION_COMMENTS = YES;
				CLANG_WARN_EMPTY_BODY = YES;
				CLANG_WARN_ENUM_CONVERSION = YES;
				CLANG_WARN_INFINITE_RECURSION = YES;
				CLANG_WARN_INT_CONVERSION = YES;
				CLANG_WARN_NON_LITERAL_NULL_CONVERSION = YES;
				CLANG_WARN_OBJC_IMPLICIT_RETAIN_SELF = YES;
				CLANG_WARN_OBJC_LITERAL_CONVERSION = YES;
				CLANG_WARN_OBJC_ROOT_CLASS = YES_ERROR;
				CLANG_WARN_QUOTED_INCLUDE_IN_FRAMEWORK_HEADER = YES;
				CLANG_WARN_RANGE_LOOP_ANALYSIS = YES;
				CLANG_WARN_STRICT_PROTOTYPES = YES;
				CLANG_WARN_SUSPICIOUS_MOVE = YES;
				CLANG_WARN_UNGUARDED_AVAILABILITY = YES_AGGRESSIVE;
				CLANG_WARN_UNREACHABLE_CODE = YES;
				CLANG_WARN__DUPLICATE_METHOD_MATCH = YES;
				COPY_PHASE_STRIP = NO;
				DEBUG_INFORMATION_FORMAT = dwarf;
				ENABLE_STRICT_OBJC_MSGSEND = YES;
				ENABLE_TESTABILITY = YES;
				GCC_C_LANGUAGE_STANDARD = gnu11;
				GCC_DYNAMIC_NO_PIC = NO;
				GCC_NO_COMMON_BLOCKS = YES;
				GCC_OPTIMIZATION_LEVEL = 0;
				GCC_PREPROCESSOR_DEFINITIONS = (
					"DEBUG=1",
					"$(inherited)",
				);
				GCC_WARN_64_TO_32_BIT_CONVERSION = YES;
				GCC_WARN_ABOUT_RETURN_TYPE = YES_ERROR;
				GCC_WARN_UNDECLARED_SELECTOR = YES;
				GCC_WARN_UNINITIALIZED_AUTOS = YES_AGGRESSIVE;
				GCC_WARN_UNUSED_FUNCTION = YES;
				GCC_WARN_UNUSED_VARIABLE = YES;
				IPHONEOS_DEPLOYMENT_TARGET = 15.5;
				MTL_ENABLE_DEBUG_INFO = INCLUDE_SOURCE;
				MTL_FAST_MATH = YES;
				ONLY_ACTIVE_ARCH = YES;
				SDKROOT = iphoneos;
				SWIFT_ACTIVE_COMPILATION_CONDITIONS = DEBUG;
				SWIFT_OPTIMIZATION_LEVEL = "-Onone";
			};
			name = Debug;
		};
		692B5D5E2872A69300CFD2DC /* Release */ = {
			isa = XCBuildConfiguration;
			buildSettings = {
				ALWAYS_SEARCH_USER_PATHS = NO;
				CLANG_ANALYZER_NONNULL = YES;
				CLANG_ANALYZER_NUMBER_OBJECT_CONVERSION = YES_AGGRESSIVE;
				CLANG_CXX_LANGUAGE_STANDARD = "gnu++17";
				CLANG_ENABLE_MODULES = YES;
				CLANG_ENABLE_OBJC_ARC = YES;
				CLANG_ENABLE_OBJC_WEAK = YES;
				CLANG_WARN_BLOCK_CAPTURE_AUTORELEASING = YES;
				CLANG_WARN_BOOL_CONVERSION = YES;
				CLANG_WARN_COMMA = YES;
				CLANG_WARN_CONSTANT_CONVERSION = YES;
				CLANG_WARN_DEPRECATED_OBJC_IMPLEMENTATIONS = YES;
				CLANG_WARN_DIRECT_OBJC_ISA_USAGE = YES_ERROR;
				CLANG_WARN_DOCUMENTATION_COMMENTS = YES;
				CLANG_WARN_EMPTY_BODY = YES;
				CLANG_WARN_ENUM_CONVERSION = YES;
				CLANG_WARN_INFINITE_RECURSION = YES;
				CLANG_WARN_INT_CONVERSION = YES;
				CLANG_WARN_NON_LITERAL_NULL_CONVERSION = YES;
				CLANG_WARN_OBJC_IMPLICIT_RETAIN_SELF = YES;
				CLANG_WARN_OBJC_LITERAL_CONVERSION = YES;
				CLANG_WARN_OBJC_ROOT_CLASS = YES_ERROR;
				CLANG_WARN_QUOTED_INCLUDE_IN_FRAMEWORK_HEADER = YES;
				CLANG_WARN_RANGE_LOOP_ANALYSIS = YES;
				CLANG_WARN_STRICT_PROTOTYPES = YES;
				CLANG_WARN_SUSPICIOUS_MOVE = YES;
				CLANG_WARN_UNGUARDED_AVAILABILITY = YES_AGGRESSIVE;
				CLANG_WARN_UNREACHABLE_CODE = YES;
				CLANG_WARN__DUPLICATE_METHOD_MATCH = YES;
				COPY_PHASE_STRIP = NO;
				DEBUG_INFORMATION_FORMAT = "dwarf-with-dsym";
				ENABLE_NS_ASSERTIONS = NO;
				ENABLE_STRICT_OBJC_MSGSEND = YES;
				GCC_C_LANGUAGE_STANDARD = gnu11;
				GCC_NO_COMMON_BLOCKS = YES;
				GCC_WARN_64_TO_32_BIT_CONVERSION = YES;
				GCC_WARN_ABOUT_RETURN_TYPE = YES_ERROR;
				GCC_WARN_UNDECLARED_SELECTOR = YES;
				GCC_WARN_UNINITIALIZED_AUTOS = YES_AGGRESSIVE;
				GCC_WARN_UNUSED_FUNCTION = YES;
				GCC_WARN_UNUSED_VARIABLE = YES;
				IPHONEOS_DEPLOYMENT_TARGET = 15.5;
				MTL_ENABLE_DEBUG_INFO = NO;
				MTL_FAST_MATH = YES;
				SDKROOT = iphoneos;
				SWIFT_COMPILATION_MODE = wholemodule;
				SWIFT_OPTIMIZATION_LEVEL = "-O";
				VALIDATE_PRODUCT = YES;
			};
			name = Release;
		};
		692B5D602872A69300CFD2DC /* Debug */ = {
			isa = XCBuildConfiguration;
			buildSettings = {
				ASSETCATALOG_COMPILER_APPICON_NAME = AppIcon;
				ASSETCATALOG_COMPILER_GLOBAL_ACCENT_COLOR_NAME = AccentColor;
				CODE_SIGN_STYLE = Automatic;
				CURRENT_PROJECT_VERSION = 1;
				DEVELOPMENT_ASSET_PATHS = "\"Landmarks/Preview Content\"";
				ENABLE_PREVIEWS = YES;
				GENERATE_INFOPLIST_FILE = YES;
				INFOPLIST_KEY_UIApplicationSceneManifest_Generation = YES;
				INFOPLIST_KEY_UIApplicationSupportsIndirectInputEvents = YES;
				INFOPLIST_KEY_UILaunchScreen_Generation = YES;
				INFOPLIST_KEY_UISupportedInterfaceOrientations_iPad = "UIInterfaceOrientationPortrait UIInterfaceOrientationPortraitUpsideDown UIInterfaceOrientationLandscapeLeft UIInterfaceOrientationLandscapeRight";
				INFOPLIST_KEY_UISupportedInterfaceOrientations_iPhone = "UIInterfaceOrientationPortrait UIInterfaceOrientationLandscapeLeft UIInterfaceOrientationLandscapeRight";
				LD_RUNPATH_SEARCH_PATHS = (
					"$(inherited)",
					"@executable_path/Frameworks",
				);
				MARKETING_VERSION = 1.0;
				PRODUCT_BUNDLE_IDENTIFIER = dev.summer.Landmarks;
				PRODUCT_NAME = "$(TARGET_NAME)";
				SWIFT_EMIT_LOC_STRINGS = YES;
				SWIFT_VERSION = 5.0;
				TARGETED_DEVICE_FAMILY = "1,2";
			};
			name = Debug;
		};
		692B5D612872A69300CFD2DC /* Release */ = {
			isa = XCBuildConfiguration;
			buildSettings = {
				ASSETCATALOG_COMPILER_APPICON_NAME = AppIcon;
				ASSETCATALOG_COMPILER_GLOBAL_ACCENT_COLOR_NAME = AccentColor;
				CODE_SIGN_STYLE = Automatic;
				CURRENT_PROJECT_VERSION = 1;
				DEVELOPMENT_ASSET_PATHS = "\"Landmarks/Preview Content\"";
				ENABLE_PREVIEWS = YES;
				GENERATE_INFOPLIST_FILE = YES;
				INFOPLIST_KEY_UIApplicationSceneManifest_Generation = YES;
				INFOPLIST_KEY_UIApplicationSupportsIndirectInputEvents = YES;
				INFOPLIST_KEY_UILaunchScreen_Generation = YES;
				INFOPLIST_KEY_UISupportedInterfaceOrientations_iPad = "UIInterfaceOrientationPortrait UIInterfaceOrientationPortraitUpsideDown UIInterfaceOrientationLandscapeLeft UIInterfaceOrientationLandscapeRight";
				INFOPLIST_KEY_UISupportedInterfaceOrientations_iPhone = "UIInterfaceOrientationPortrait UIInterfaceOrientationLandscapeLeft UIInterfaceOrientationLandscapeRight";
				LD_RUNPATH_SEARCH_PATHS = (
					"$(inherited)",
					"@executable_path/Frameworks",
				);
				MARKETING_VERSION = 1.0;
				PRODUCT_BUNDLE_IDENTIFIER = dev.summer.Landmarks;
				PRODUCT_NAME = "$(TARGET_NAME)";
				SWIFT_EMIT_LOC_STRINGS = YES;
				SWIFT_VERSION = 5.0;
				TARGETED_DEVICE_FAMILY = "1,2";
			};
			name = Release;
		};
/* End XCBuildConfiguration section */

/* Begin XCConfigurationList section */
		692B5D4C2872A69200CFD2DC /* Build configuration list for PBXProject "Landmarks" */ = {
			isa = XCConfigurationList;
			buildConfigurations = (
				692B5D5D2872A69300CFD2DC /* Debug */,
				692B5D5E2872A69300CFD2DC /* Release */,
			);
			defaultConfigurationIsVisible = 0;
			defaultConfigurationName = Release;
		};
		692B5D5F2872A69300CFD2DC /* Build configuration list for PBXNativeTarget "Landmarks" */ = {
			isa = XCConfigurationList;
			buildConfigurations = (
				692B5D602872A69300CFD2DC /* Debug */,
				692B5D612872A69300CFD2DC /* Release */,
			);
			defaultConfigurationIsVisible = 0;
			defaultConfigurationName = Release;
		};
/* End XCConfigurationList section */
	};
	rootObject = 692B5D492872A69200CFD2DC /* Project object */;
}
